{
  "version": 4,
  "terraform_version": "1.3.7",
  "serial": 205,
  "lineage": "b194a970-371d-4a22-87b1-85d5f4565803",
  "outputs": {},
  "resources": [
    {
      "mode": "data",
      "type": "aws_s3_object",
      "name": "appointment_lambda_artefact",
      "provider": "provider[\"registry.terraform.io/hashicorp/aws\"]",
      "instances": [
        {
          "schema_version": 0,
          "attributes": {
            "body": null,
            "bucket": "appointment-artefact-bucket",
            "bucket_key_enabled": false,
            "cache_control": "",
            "content_disposition": "",
            "content_encoding": "",
            "content_language": "",
            "content_length": 2420801,
            "content_type": "application/zip",
            "etag": "cf7d3c69e05323893f400f635dde3ca2",
            "expiration": "",
            "expires": "",
            "id": "appointment-artefact-bucket/lambda/appointment.zip",
            "key": "lambda/appointment.zip",
            "last_modified": "Mon, 16 Jan 2023 11:38:03 UTC",
            "metadata": {},
            "object_lock_legal_hold_status": "",
            "object_lock_mode": "",
            "object_lock_retain_until_date": "",
            "range": null,
            "server_side_encryption": "",
            "sse_kms_key_id": "",
            "storage_class": "STANDARD",
            "tags": {},
            "version_id": "",
            "website_redirect_location": ""
          },
          "sensitive_attributes": []
        }
      ]
    },
    {
      "mode": "managed",
      "type": "aws_api_gateway_integration",
      "name": "appointment_api_get_integration",
      "provider": "provider[\"registry.terraform.io/hashicorp/aws\"]",
      "instances": []
    },
    {
      "mode": "managed",
      "type": "aws_api_gateway_integration",
      "name": "appointment_api_post_integration",
      "provider": "provider[\"registry.terraform.io/hashicorp/aws\"]",
      "instances": []
    },
    {
      "mode": "managed",
      "type": "aws_api_gateway_method",
      "name": "appointment_api_get",
      "provider": "provider[\"registry.terraform.io/hashicorp/aws\"]",
      "instances": [
        {
          "schema_version": 0,
          "attributes": {
            "api_key_required": false,
            "authorization": "NONE",
            "authorization_scopes": null,
            "authorizer_id": null,
            "http_method": "GET",
            "id": "agm-92moehex7l-a9bef61huk-GET",
            "operation_name": null,
            "request_models": null,
            "request_parameters": null,
            "request_validator_id": null,
            "resource_id": "a9bef61huk",
            "rest_api_id": "92moehex7l"
          },
          "sensitive_attributes": [],
          "private": "bnVsbA==",
          "dependencies": [
            "aws_api_gateway_resource.appointment_api_resource",
            "aws_api_gateway_rest_api.appointment_api"
          ]
        }
      ]
    },
    {
      "mode": "managed",
      "type": "aws_api_gateway_method",
      "name": "appointment_api_post",
      "provider": "provider[\"registry.terraform.io/hashicorp/aws\"]",
      "instances": [
        {
          "schema_version": 0,
          "attributes": {
            "api_key_required": false,
            "authorization": "NONE",
            "authorization_scopes": null,
            "authorizer_id": null,
            "http_method": "POST",
            "id": "agm-92moehex7l-a9bef61huk-POST",
            "operation_name": null,
            "request_models": null,
            "request_parameters": null,
            "request_validator_id": null,
            "resource_id": "a9bef61huk",
            "rest_api_id": "92moehex7l"
          },
          "sensitive_attributes": [],
          "private": "bnVsbA==",
          "dependencies": [
            "aws_api_gateway_resource.appointment_api_resource",
            "aws_api_gateway_rest_api.appointment_api"
          ]
        }
      ]
    },
    {
      "mode": "managed",
      "type": "aws_api_gateway_resource",
      "name": "appointment_api_resource",
      "provider": "provider[\"registry.terraform.io/hashicorp/aws\"]",
      "instances": [
        {
          "schema_version": 0,
          "attributes": {
            "id": "a9bef61huk",
            "parent_id": "znutvdsmrf",
            "path": "/appointment",
            "path_part": "appointment",
            "rest_api_id": "92moehex7l"
          },
          "sensitive_attributes": [],
          "private": "bnVsbA==",
          "dependencies": [
            "aws_api_gateway_rest_api.appointment_api"
          ]
        }
      ]
    },
    {
      "mode": "managed",
      "type": "aws_api_gateway_rest_api",
      "name": "appointment_api",
      "provider": "provider[\"registry.terraform.io/hashicorp/aws\"]",
      "instances": [
        {
          "schema_version": 0,
          "attributes": {
            "api_key_source": "HEADER",
            "arn": "arn:aws:apigateway:eu-west-2::/restapis/92moehex7l",
            "binary_media_types": [],
            "body": null,
            "created_date": "2023-01-16T12:06:10Z",
            "description": "Proxy to handle requests to the Appointment API",
            "disable_execute_api_endpoint": false,
            "endpoint_configuration": [
              {
                "types": [
                  "EDGE"
                ],
                "vpc_endpoint_ids": []
              }
            ],
            "execution_arn": "arn:aws:execute-api:eu-west-2::92moehex7l",
            "id": "92moehex7l",
            "minimum_compression_size": -1,
            "name": "appointment-api",
            "parameters": null,
            "policy": "",
            "put_rest_api_mode": null,
            "root_resource_id": "znutvdsmrf",
            "tags": null,
            "tags_all": {}
          },
          "sensitive_attributes": [],
          "private": "bnVsbA==",
          "create_before_destroy": true
        }
      ]
    },
    {
      "mode": "managed",
      "type": "aws_api_gateway_stage",
      "name": "appointment_api_stage",
      "provider": "provider[\"registry.terraform.io/hashicorp/aws\"]",
      "instances": []
    },
    {
      "mode": "managed",
      "type": "aws_iam_role_policy_attachment",
      "name": "appointment_lambda_iam_access_policy_attach",
      "provider": "provider[\"registry.terraform.io/hashicorp/aws\"]",
      "instances": []
    },
    {
      "mode": "managed",
      "type": "aws_lambda_function",
      "name": "appointment_lambda",
      "provider": "provider[\"registry.terraform.io/hashicorp/aws\"]",
      "instances": []
    },
    {
      "mode": "managed",
      "type": "aws_lambda_permission",
      "name": "appointment_api_lambda_invoke",
      "provider": "provider[\"registry.terraform.io/hashicorp/aws\"]",
      "instances": []
    },
    {
      "mode": "managed",
      "type": "aws_s3_bucket",
      "name": "appointment_artefact_bucket",
      "provider": "provider[\"registry.terraform.io/hashicorp/aws\"]",
      "instances": [
        {
          "schema_version": 0,
          "attributes": {
            "acceleration_status": "",
            "acl": null,
            "arn": "arn:aws:s3:::appointment-artefact-bucket",
            "bucket": "appointment-artefact-bucket",
            "bucket_domain_name": "appointment-artefact-bucket.s3.amazonaws.com",
            "bucket_prefix": null,
            "bucket_regional_domain_name": "appointment-artefact-bucket.s3.eu-west-2.amazonaws.com",
            "cors_rule": [],
            "force_destroy": false,
            "grant": [
              {
                "id": "75aa57f09aa0c8caeab4f8c24e99d10f8e7faeebf76c078efc7c6caea54ba06a",
                "permissions": [
                  "FULL_CONTROL"
                ],
                "type": "CanonicalUser",
                "uri": ""
              }
            ],
            "hosted_zone_id": "Z3GKZC51ZF0DB4",
            "id": "appointment-artefact-bucket",
            "lifecycle_rule": [],
            "logging": [],
            "object_lock_configuration": [],
            "object_lock_enabled": false,
            "policy": "",
            "region": "eu-west-2",
            "replication_configuration": [],
            "request_payer": "BucketOwner",
            "server_side_encryption_configuration": [],
            "tags": {},
            "tags_all": {},
            "timeouts": null,
            "versioning": [
              {
                "enabled": false,
                "mfa_delete": false
              }
            ],
            "website": [],
            "website_domain": null,
            "website_endpoint": null
          },
          "sensitive_attributes": [],
          "private": "eyJlMmJmYjczMC1lY2FhLTExZTYtOGY4OC0zNDM2M2JjN2M0YzAiOnsiY3JlYXRlIjoxMjAwMDAwMDAwMDAwLCJkZWxldGUiOjM2MDAwMDAwMDAwMDAsInJlYWQiOjEyMDAwMDAwMDAwMDAsInVwZGF0ZSI6MTIwMDAwMDAwMDAwMH19"
        }
      ]
    },
    {
      "mode": "managed",
      "type": "aws_s3_bucket_acl",
      "name": "appointment_artefact_bucket_acl",
      "provider": "provider[\"registry.terraform.io/hashicorp/aws\"]",
      "instances": [
        {
          "schema_version": 0,
          "attributes": {
            "access_control_policy": [
              {
                "grant": [
                  {
                    "grantee": [
                      {
                        "display_name": "",
                        "email_address": "",
                        "id": "75aa57f09aa0c8caeab4f8c24e99d10f8e7faeebf76c078efc7c6caea54ba06a",
                        "type": "CanonicalUser",
                        "uri": ""
                      }
                    ],
                    "permission": "FULL_CONTROL"
                  }
                ],
                "owner": [
                  {
                    "display_name": "webfile",
                    "id": "75aa57f09aa0c8caeab4f8c24e99d10f8e7faeebf76c078efc7c6caea54ba06a"
                  }
                ]
              }
            ],
            "acl": "private",
            "bucket": "appointment-artefact-bucket",
            "expected_bucket_owner": "",
            "id": "appointment-artefact-bucket,private"
          },
          "sensitive_attributes": [],
          "private": "bnVsbA==",
          "dependencies": [
            "aws_s3_bucket.appointment_artefact_bucket"
          ]
        }
      ]
    },
    {
      "mode": "managed",
      "type": "aws_s3_bucket_versioning",
      "name": "appointment_artefact_bucket_versioning",
      "provider": "provider[\"registry.terraform.io/hashicorp/aws\"]",
      "instances": [
        {
          "schema_version": 0,
          "attributes": {
            "bucket": "appointment-artefact-bucket",
            "expected_bucket_owner": "",
            "id": "appointment-artefact-bucket",
            "mfa": null,
            "versioning_configuration": [
              {
                "mfa_delete": "",
                "status": "Enabled"
              }
            ]
          },
          "sensitive_attributes": [],
          "private": "bnVsbA==",
          "dependencies": [
            "aws_s3_bucket.appointment_artefact_bucket"
          ]
        }
      ]
    }
  ],
  "check_results": null
}
